
Microsoft Visual Studio Solution File, Format Version 12.00
# Visual Studio Version 17
VisualStudioVersion = 17.1.32228.430
MinimumVisualStudioVersion = 10.0.40219.1
Project("{FAE04EC0-301F-11D3-BF4B-00C04F79EFBC}") = "SQL_ER_Diagram", "SQL_ER_Diagram.csproj", "{284BE143-CEFF-4138-BF9E-81CABC0894E1}"
EndProject
Global
	GlobalSection(SolutionConfigurationPlatforms) = preSolution
		Debug|Any CPU = Debug|Any CPU
		Release|Any CPU = Release|Any CPU
	EndGlobalSection
	GlobalSection(ProjectConfigurationPlatforms) = postSolution
		{284BE143-CEFF-4138-BF9E-81CABC0894E1}.Debug|Any CPU.ActiveCfg = Debug|Any CPU
		{284BE143-CEFF-4138-BF9E-81CABC0894E1}.Debug|Any CPU.Build.0 = Debug|Any CPU
		{284BE143-CEFF-4138-BF9E-81CABC0894E1}.Release|Any CPU.ActiveCfg = Release|Any CPU
		{284BE143-CEFF-4138-BF9E-81CABC0894E1}.Release|Any CPU.Build.0 = Release|Any CPU
	EndGlobalSection
	GlobalSection(SolutionProperties) = preSolution
		HideSolutionNode = FALSE
	EndGlobalSection
	GlobalSection(ExtensibilityGlobals) = postSolution
		SolutionGuid = {30C9581A-B4D6-48CB-80EA-72017DFD10D4}
	EndGlobalSection
EndGlobal
